// !$*UTF8*$!
{
	archiveVersion = 1;
	classes = {
	};
	objectVersion = 46;
	objects = {

/* Begin PBXBuildFile section */
		1812F6841E688C4A001FD47E /* AppDelegate.swift in Sources */ = {isa = PBXBuildFile; fileRef = 1812F6831E688C4A001FD47E /* AppDelegate.swift */; };
		1812F6861E688C4A001FD47E /* ViewController.swift in Sources */ = {isa = PBXBuildFile; fileRef = 1812F6851E688C4A001FD47E /* ViewController.swift */; };
		1812F6891E688C4A001FD47E /* Main.storyboard in Resources */ = {isa = PBXBuildFile; fileRef = 1812F6871E688C4A001FD47E /* Main.storyboard */; };
		1812F68B1E688C4A001FD47E /* Assets.xcassets in Resources */ = {isa = PBXBuildFile; fileRef = 1812F68A1E688C4A001FD47E /* Assets.xcassets */; };
		1812F68E1E688C4A001FD47E /* LaunchScreen.storyboard in Resources */ = {isa = PBXBuildFile; fileRef = 1812F68C1E688C4A001FD47E /* LaunchScreen.storyboard */; };
		182FA33F1E68B52D00051D15 /* CalculatorBrain.swift in Sources */ = {isa = PBXBuildFile; fileRef = 182FA33E1E68B52D00051D15 /* CalculatorBrain.swift */; };
/* End PBXBuildFile section */

/* Begin PBXFileReference section */
		1812F6801E688C49001FD47E /* Calculator.app */ = {isa = PBXFileReference; explicitFileType = wrapper.application; includeInIndex = 0; path = Calculator.app; sourceTree = BUILT_PRODUCTS_DIR; };
		1812F6831E688C4A001FD47E /* AppDelegate.swift */ = {isa = PBXFileReference; lastKnownFileType = sourcecode.swift; path = AppDelegate.swift; sourceTree = "<group>"; };
		1812F6851E688C4A001FD47E /* ViewController.swift */ = {isa = PBXFileReference; lastKnownFileType = sourcecode.swift; path = ViewController.swift; sourceTree = "<group>"; };
		1812F6881E688C4A001FD47E /* Base */ = {isa = PBXFileReference; lastKnownFileType = file.storyboard; name = Base; path = Base.lproj/Main.storyboard; sourceTree = "<group>"; };
		1812F68A1E688C4A001FD47E /* Assets.xcassets */ = {isa = PBXFileReference; lastKnownFileType = folder.assetcatalog; path = Assets.xcassets; sourceTree = "<group>"; };
		1812F68D1E688C4A001FD47E /* Base */ = {isa = PBXFileReference; lastKnownFileType = file.storyboard; name = Base; path = Base.lproj/LaunchScreen.storyboard; sourceTree = "<group>"; };
		1812F68F1E688C4A001FD47E /* Info.plist */ = {isa = PBXFileReference; lastKnownFileType = text.plist.xml; path = Info.plist; sourceTree = "<group>"; };
		182FA33E1E68B52D00051D15 /* CalculatorBrain.swift */ = {isa = PBXFileReference; fileEncoding = 4; lastKnownFileType = sourcecode.swift; path = CalculatorBrain.swift; sourceTree = "<group>"; };
/* End PBXFileReference section */

/* Begin PBXFrameworksBuildPhase section */
		1812F67D1E688C49001FD47E /* Frameworks */ = {
			isa = PBXFrameworksBuildPhase;
			buildActionMask = 2147483647;
			files = (
			);
			runOnlyForDeploymentPostprocessing = 0;
		};
/* End PBXFrameworksBuildPhase section */

/* Begin PBXGroup section */
		1812F6771E688C49001FD47E = {
			isa = PBXGroup;
			children = (
				1812F6821E688C49001FD47E /* Calculator */,
				1812F6811E688C49001FD47E /* Products */,
			);
			sourceTree = "<group>";
		};
		1812F6811E688C49001FD47E /* Products */ = {
			isa = PBXGroup;
			children = (
				1812F6801E688C49001FD47E /* Calculator.app */,
			);
			name = Products;
			sourceTree = "<group>";
		};
		1812F6821E688C49001FD47E /* Calculator */ = {
			isa = PBXGroup;
			children = (
				1812F6851E688C4A001FD47E /* ViewController.swift */,
				182FA33E1E68B52D00051D15 /* CalculatorBrain.swift */,
				1812F6871E688C4A001FD47E /* Main.storyboard */,
				1812F6951E688DF4001FD47E /* Supporting FIles */,
			);
			path = Calculator;
			sourceTree = "<group>";
		};
		1812F6951E688DF4001FD47E /* Supporting FIles */ = {
			isa = PBXGroup;
			children = (
				1812F6831E688C4A001FD47E /* AppDelegate.swift */,
				1812F68A1E688C4A001FD47E /* Assets.xcassets */,
				1812F68C1E688C4A001FD47E /* LaunchScreen.storyboard */,
				1812F68F1E688C4A001FD47E /* Info.plist */,
			);
			name = "Supporting FIles";
			sourceTree = "<group>";
		};
/* End PBXGroup section */

/* Begin PBXNativeTarget section */
		1812F67F1E688C49001FD47E /* Calculator */ = {
			isa = PBXNativeTarget;
			buildConfigurationList = 1812F6921E688C4A001FD47E /* Build configuration list for PBXNativeTarget "Calculator" */;
			buildPhases = (
				1812F67C1E688C49001FD47E /* Sources */,
				1812F67D1E688C49001FD47E /* Frameworks */,
				1812F67E1E688C49001FD47E /* Resources */,
			);
			buildRules = (
			);
			dependencies = (
			);
			name = Calculator;
			productName = Calculator;
			productReference = 1812F6801E688C49001FD47E /* Calculator.app */;
			productType = "com.apple.product-type.application";
		};
/* End PBXNativeTarget section */

/* Begin PBXProject section */
		1812F6781E688C49001FD47E /* Project object */ = {
			isa = PBXProject;
			attributes = {
				LastSwiftUpdateCheck = 0820;
				LastUpgradeCheck = 0820;
				ORGANIZATIONNAME = "Neel Indap";
				TargetAttributes = {
					1812F67F1E688C49001FD47E = {
						CreatedOnToolsVersion = 8.2.1;
						DevelopmentTeam = FJC5J79635;
						ProvisioningStyle = Automatic;
					};
				};
			};
			buildConfigurationList = 1812F67B1E688C49001FD47E /* Build configuration list for PBXProject "Calculator" */;
			compatibilityVersion = "Xcode 3.2";
			developmentRegion = English;
			hasScannedForEncodings = 0;
			knownRegions = (
				en,
				Base,
			);
			mainGroup = 1812F6771E688C49001FD47E;
			productRefGroup = 1812F6811E688C49001FD47E /* Products */;
			projectDirPath = "";
			projectRoot = "";
			targets = (
				1812F67F1E688C49001FD47E /* Calculator */,
			);
		};
/* End PBXProject section */

/* Begin PBXResourcesBuildPhase section */
		1812F67E1E688C49001FD47E /* Resources */ = {
			isa = PBXResourcesBuildPhase;
			buildActionMask = 2147483647;
			files = (
				1812F68E1E688C4A001FD47E /* LaunchScreen.storyboard in Resources */,
				1812F68B1E688C4A001FD47E /* Assets.xcassets in Resources */,
				1812F6891E688C4A001FD47E /* Main.storyboard in Resources */,
			);
			runOnlyForDeploymentPostprocessing = 0;
		};
/* End PBXResourcesBuildPhase section */

/* Begin PBXSourcesBuildPhase section */
		1812F67C1E688C49001FD47E /* Sources */ = {
			isa = PBXSourcesBuildPhase;
			buildActionMask = 2147483647;
			files = (
				182FA33F1E68B52D00051D15 /* CalculatorBrain.swift in Sources */,
				1812F6861E688C4A001FD47E /* ViewController.swift in Sources */,
				1812F6841E688C4A001FD47E /* AppDelegate.swift in Sources */,
			);
			runOnlyForDeploymentPostprocessing = 0;
		};
/* End PBXSourcesBuildPhase section */

/* Begin PBXVariantGroup section */
		1812F6871E688C4A001FD47E /* Main.storyboard */ = {
			isa = PBXVariantGroup;
			children = (
				1812F6881E688C4A001FD47E /* Base */,
			);
			name = Main.storyboard;
			sourceTree = "<group>";
		};
		1812F68C1E688C4A001FD47E /* LaunchScreen.storyboard */ = {
			isa = PBXVariantGroup;
			children = (
				1812F68D1E688C4A001FD47E /* Base */,
			);
			name = LaunchScreen.storyboard;
			sourceTree = "<group>";
		};
/* End PBXVariantGroup section */

/* Begin XCBuildConfiguration section */
		1812F6901E688C4A001FD47E /* Debug */ = {
			isa = XCBuildConfiguration;
			buildSettings = {
				ALWAYS_SEARCH_USER_PATHS = NO;
				CLANG_ANALYZER_NONNULL = YES;
				CLANG_CXX_LANGUAGE_STANDARD = "gnu++0x";
				CLANG_CXX_LIBRARY = "libc++";
				CLANG_ENABLE_MODULES = YES;
				CLANG_ENABLE_OBJC_ARC = YES;
				CLANG_WARN_BOOL_CONVERSION = YES;
				CLANG_WARN_CONSTANT_CONVERSION = YES;
				CLANG_WARN_DIRECT_OBJC_ISA_USAGE = YES_ERROR;
				CLANG_WARN_DOCUMENTATION_COMMENTS = YES;
				CLANG_WARN_EMPTY_BODY = YES;
				CLANG_WARN_ENUM_CONVERSION = YES;
				CLANG_WARN_INFINITE_RECURSION = YES;
				CLANG_WARN_INT_CONVERSION = YES;
				CLANG_WARN_OBJC_ROOT_CLASS = YES_ERROR;
				CLANG_WARN_SUSPICIOUS_MOVE = YES;
				CLANG_WARN_UNREACHABLE_CODE = YES;
				CLANG_WARN__DUPLICATE_METHOD_MATCH = YES;
				"CODE_SIGN_IDENTITY[sdk=iphoneos*]" = "iPhone Developer";
				COPY_PHASE_STRIP = NO;
				DEBUG_INFORMATION_FORMAT = dwarf;
				ENABLE_STRICT_OBJC_MSGSEND = YES;
				ENABLE_TESTABILITY = YES;
				GCC_C_LANGUAGE_STANDARD = gnu99;
				GCC_DYNAMIC_NO_PIC = NO;
				GCC_NO_COMMON_BLOCKS = YES;
				GCC_OPTIMIZATION_LEVEL = 0;
				GCC_PREPROCESSOR_DEFINITIONS = (
					"DEBUG=1",
					"$(inherited)",
				);
				GCC_WARN_64_TO_32_BIT_CONVERSION = YES;
				GCC_WARN_ABOUT_RETURN_TYPE = YES_ERROR;
				GCC_WARN_UNDECLARED_SELECTOR = YES;
				GCC_WARN_UNINITIALIZED_AUTOS = YES_AGGRESSIVE;
				GCC_WARN_UNUSED_FUNCTION = YES;
				GCC_WARN_UNUSED_VARIABLE = YES;
				IPHONEOS_DEPLOYMENT_TARGET = 10.2;
				MTL_ENABLE_DEBUG_INFO = YES;
				ONLY_ACTIVE_ARCH = YES;
				SDKROOT = iphoneos;
				SWIFT_ACTIVE_COMPILATION_CONDITIONS = DEBUG;
				SWIFT_OPTIMIZATION_LEVEL = "-Onone";
				TARGETED_DEVICE_FAMILY = "1,2";
			};
			name = Debug;
		};
		1812F6911E688C4A001FD47E /* Release */ = {
			isa = XCBuildConfiguration;
			buildSettings = {
				ALWAYS_SEARCH_USER_PATHS = NO;
				CLANG_ANALYZER_NONNULL = YES;
				CLANG_CXX_LANGUAGE_STANDARD = "gnu++0x";
				CLANG_CXX_LIBRARY = "libc++";
				CLANG_ENABLE_MODULES = YES;
				CLANG_ENABLE_OBJC_ARC = YES;
				CLANG_WARN_BOOL_CONVERSION = YES;
				CLANG_WARN_CONSTANT_CONVERSION = YES;
				CLANG_WARN_DIRECT_OBJC_ISA_USAGE = YES_ERROR;
				CLANG_WARN_DOCUMENTATION_COMMENTS = YES;
				CLANG_WARN_EMPTY_BODY = YES;
				CLANG_WARN_ENUM_CONVERSION = YES;
				CLANG_WARN_INFINITE_RECURSION = YES;
				CLANG_WARN_INT_CONVERSION = YES;
				CLANG_WARN_OBJC_ROOT_CLASS = YES_ERROR;
				CLANG_WARN_SUSPICIOUS_MOVE = YES;
				CLANG_WARN_UNREACHABLE_CODE = YES;
				CLANG_WARN__DUPLICATE_METHOD_MATCH = YES;
				"CODE_SIGN_IDENTITY[sdk=iphoneos*]" = "iPhone Developer";
				COPY_PHASE_STRIP = NO;
				DEBUG_INFORMATION_FORMAT = "dwarf-with-dsym";
				ENABLE_NS_ASSERTIONS = NO;
				ENABLE_STRICT_OBJC_MSGSEND = YES;
				GCC_C_LANGUAGE_STANDARD = gnu99;
				GCC_NO_COMMON_BLOCKS = YES;
				GCC_WARN_64_TO_32_BIT_CONVERSION = YES;
				GCC_WARN_ABOUT_RETURN_TYPE = YES_ERROR;
				GCC_WARN_UNDECLARED_SELECTOR = YES;
				GCC_WARN_UNINITIALIZED_AUTOS = YES_AGGRESSIVE;
				GCC_WARN_UNUSED_FUNCTION = YES;
				GCC_WARN_UNUSED_VARIABLE = YES;
				IPHONEOS_DEPLOYMENT_TARGET = 10.2;
				MTL_ENABLE_DEBUG_INFO = NO;
				SDKROOT = iphoneos;
				SWIFT_OPTIMIZATION_LEVEL = "-Owholemodule";
				TARGETED_DEVICE_FAMILY = "1,2";
				VALIDATE_PRODUCT = YES;
			};
			name = Release;
		};
		1812F6931E688C4A001FD47E /* Debug */ = {
			isa = XCBuildConfiguration;
			buildSettings = {
				ASSETCATALOG_COMPILER_APPICON_NAME = AppIcon;
				DEVELOPMENT_TEAM = FJC5J79635;
				INFOPLIST_FILE = Calculator/Info.plist;
				LD_RUNPATH_SEARCH_PATHS = "$(inherited) @executable_path/Frameworks";
				PRODUCT_BUNDLE_IDENTIFIER = com.neel.indap.Calculator;
				PRODUCT_NAME = "$(TARGET_NAME)";
				SWIFT_VERSION = 3.0;
			};
			name = Debug;
		};
		1812F6941E688C4A001FD47E /* Release */ = {
			isa = XCBuildConfiguration;
			buildSettings = {
				ASSETCATALOG_COMPILER_APPICON_NAME = AppIcon;
				DEVELOPMENT_TEAM = FJC5J79635;
				INFOPLIST_FILE = Calculator/Info.plist;
				LD_RUNPATH_SEARCH_PATHS = "$(inherited) @executable_path/Frameworks";
				PRODUCT_BUNDLE_IDENTIFIER = com.neel.indap.Calculator;
				PRODUCT_NAME = "$(TARGET_NAME)";
				SWIFT_VERSION = 3.0;
			};
			name = Release;
		};
/* End XCBuildConfiguration section */

/* Begin XCConfigurationList section */
		1812F67B1E688C49001FD47E /* Build configuration list for PBXProject "Calculator" */ = {
			isa = XCConfigurationList;
			buildConfigurations = (
				1812F6901E688C4A001FD47E /* Debug */,
				1812F6911E688C4A001FD47E /* Release */,
			);
			defaultConfigurationIsVisible = 0;
			defaultConfigurationName = Release;
		};
		1812F6921E688C4A001FD47E /* Build configuration list for PBXNativeTarget "Calculator" */ = {
			isa = XCConfigurationList;
			buildConfigurations = (
				1812F6931E688C4A001FD47E /* Debug */,
				1812F6941E688C4A001FD47E /* Release */,
			);
			defaultConfigurationIsVisible = 0;
			defaultConfigurationName = Release;
		};
/* End XCConfigurationList section */
	};
	rootObject = 1812F6781E688C49001FD47E /* Project object */;
}
